{
  "version": 4,
  "terraform_version": "1.15.2",
  "serial": 13,
  "lineage": "4dabdc53-a42c-370f-7268-3e2c9577e5bc",
  "outputs": {},
  "resources": [
    {
      "mode": "managed",
      "type": "aws_iam_role",
      "name": "lambda_role",
      "provider": "provider[\"registry.terraform.io/hashicorp/aws\"]",
      "instances": [
        {
          "schema_version": 0,
          "attributes": {
            "arn": "arn:aws:iam::732778637529:role/cartwatch-lambda-role",
            "assume_role_policy": "{\"Statement\":[{\"Action\":\"sts:AssumeRole\",\"Effect\":\"Allow\",\"Principal\":{\"Service\":\"lambda.amazonaws.com\"}}],\"Version\":\"2012-10-17\"}",
            "create_date": "2026-05-15T05:47:45Z",
            "description": "",
            "force_detach_policies": false,
            "id": "cartwatch-lambda-role",
            "inline_policy": [],
            "managed_policy_arns": [],
            "max_session_duration": 3600,
            "name": "cartwatch-lambda-role",
            "name_prefix": "",
            "path": "/",
            "permissions_boundary": "",
            "tags": null,
            "tags_all": {},
            "unique_id": "AROA2VHICVDM5EHC4QI4A"
          },
          "sensitive_attributes": [],
          "identity_schema_version": 0,
          "identity": {
            "account_id": "732778637529",
            "name": "cartwatch-lambda-role"
          },
          "private": "bnVsbA=="
        }
      ]
    },
    {
      "mode": "managed",
      "type": "aws_iam_role_policy",
      "name": "lambda_policy",
      "provider": "provider[\"registry.terraform.io/hashicorp/aws\"]",
      "instances": [
        {
          "schema_version": 0,
          "attributes": {
            "id": "cartwatch-lambda-role:cartwatch-lambda-policy",
            "name": "cartwatch-lambda-policy",
            "name_prefix": "",
            "policy": "{\"Version\":\"2012-10-17\",\"Statement\":[{\"Action\":[\"kinesis:GetRecords\",\"kinesis:GetShardIterator\",\"kinesis:DescribeStream\",\"kinesis:ListStreams\"],\"Effect\":\"Allow\",\"Resource\":\"arn:aws:kinesis:eu-north-1:732778637529:stream/cartwatch-stream\"},{\"Action\":[\"s3:PutObject\"],\"Effect\":\"Allow\",\"Resource\":\"arn:aws:s3:::cartwatch-events-732778637529/*\"},{\"Action\":[\"sns:Publish\"],\"Effect\":\"Allow\",\"Resource\":\"arn:aws:sns:eu-north-1:732778637529:cartwatch-abandonment-alerts\"},{\"Action\":[\"logs:CreateLogGroup\",\"logs:CreateLogStream\",\"logs:PutLogEvents\"],\"Effect\":\"Allow\",\"Resource\":\"*\"}]}",
            "role": "cartwatch-lambda-role"
          },
          "sensitive_attributes": [],
          "identity_schema_version": 0,
          "identity": {
            "account_id": "732778637529",
            "name": "cartwatch-lambda-policy",
            "role": "cartwatch-lambda-role"
          },
          "private": "bnVsbA==",
          "dependencies": [
            "aws_iam_role.lambda_role",
            "aws_kinesis_stream.cartwatch",
            "aws_s3_bucket.cartwatch",
            "aws_sns_topic.abandonment_alerts"
          ]
        }
      ]
    },
    {
      "mode": "managed",
      "type": "aws_kinesis_stream",
      "name": "cartwatch",
      "provider": "provider[\"registry.terraform.io/hashicorp/aws\"]",
      "instances": [
        {
          "schema_version": 1,
          "attributes": {
            "arn": "arn:aws:kinesis:eu-north-1:732778637529:stream/cartwatch-stream",
            "encryption_type": "NONE",
            "enforce_consumer_deletion": null,
            "id": "arn:aws:kinesis:eu-north-1:732778637529:stream/cartwatch-stream",
            "kms_key_id": "",
            "max_record_size_in_kib": 1024,
            "name": "cartwatch-stream",
            "region": "eu-north-1",
            "retention_period": 24,
            "shard_count": 1,
            "shard_level_metrics": [],
            "stream_mode_details": [
              {
                "stream_mode": "PROVISIONED"
              }
            ],
            "tags": {
              "Project": "cartwatch"
            },
            "tags_all": {
              "Project": "cartwatch"
            },
            "timeouts": null
          },
          "sensitive_attributes": [],
          "identity_schema_version": 0,
          "private": "eyJlMmJmYjczMC1lY2FhLTExZTYtOGY4OC0zNDM2M2JjN2M0YzAiOnsiY3JlYXRlIjozMDAwMDAwMDAwMDAsImRlbGV0ZSI6NzIwMDAwMDAwMDAwMCwidXBkYXRlIjo3MjAwMDAwMDAwMDAwfSwic2NoZW1hX3ZlcnNpb24iOiIxIn0="
        }
      ]
    },
    {
      "mode": "managed",
      "type": "aws_lambda_event_source_mapping",
      "name": "kinesis_trigger",
      "provider": "provider[\"registry.terraform.io/hashicorp/aws\"]",
      "instances": [
        {
          "schema_version": 0,
          "attributes": {
            "amazon_managed_kafka_event_source_config": [],
            "arn": "arn:aws:lambda:eu-north-1:732778637529:event-source-mapping:1d2285cd-e0b8-4e2f-8ecd-5ed0e6a45a82",
            "batch_size": 10,
            "bisect_batch_on_function_error": false,
            "destination_config": [
              {
                "on_failure": [
                  {
                    "destination_arn": null
                  }
                ]
              }
            ],
            "document_db_event_source_config": [],
            "enabled": true,
            "event_source_arn": "arn:aws:kinesis:eu-north-1:732778637529:stream/cartwatch-stream",
            "filter_criteria": [],
            "function_arn": "arn:aws:lambda:eu-north-1:732778637529:function:cartwatch-handler",
            "function_name": "arn:aws:lambda:eu-north-1:732778637529:function:cartwatch-handler",
            "function_response_types": null,
            "id": "1d2285cd-e0b8-4e2f-8ecd-5ed0e6a45a82",
            "kms_key_arn": "",
            "last_modified": "2026-05-15T05:48:00Z",
            "last_processing_result": "No records processed",
            "maximum_batching_window_in_seconds": 0,
            "maximum_record_age_in_seconds": -1,
            "maximum_retry_attempts": -1,
            "metrics_config": [],
            "parallelization_factor": 1,
            "provisioned_poller_config": [],
            "queues": null,
            "region": "eu-north-1",
            "scaling_config": [],
            "self_managed_event_source": [],
            "self_managed_kafka_event_source_config": [],
            "source_access_configuration": [],
            "starting_position": "LATEST",
            "starting_position_timestamp": "",
            "state": "Enabled",
            "state_transition_reason": "User action",
            "tags": null,
            "tags_all": {},
            "topics": null,
            "tumbling_window_in_seconds": 0,
            "uuid": "1d2285cd-e0b8-4e2f-8ecd-5ed0e6a45a82"
          },
          "sensitive_attributes": [],
          "identity_schema_version": 0,
          "identity": {
            "account_id": "732778637529",
            "region": "eu-north-1",
            "uuid": "1d2285cd-e0b8-4e2f-8ecd-5ed0e6a45a82"
          },
          "private": "bnVsbA==",
          "dependencies": [
            "aws_iam_role.lambda_role",
            "aws_kinesis_stream.cartwatch",
            "aws_lambda_function.cartwatch"
          ]
        }
      ]
    },
    {
      "mode": "managed",
      "type": "aws_lambda_function",
      "name": "cartwatch",
      "provider": "provider[\"registry.terraform.io/hashicorp/aws\"]",
      "instances": [
        {
          "schema_version": 0,
          "attributes": {
            "architectures": [
              "x86_64"
            ],
            "arn": "arn:aws:lambda:eu-north-1:732778637529:function:cartwatch-handler",
            "capacity_provider_config": [],
            "code_sha256": "Gs63OyomV/2T9DSpMkMOsWZXgZ+Na3pn7Ra+NSk/wK4=",
            "code_signing_config_arn": "",
            "dead_letter_config": [],
            "description": "",
            "durable_config": [],
            "environment": [],
            "ephemeral_storage": [
              {
                "size": 512
              }
            ],
            "file_system_config": [],
            "filename": "../lambda/handler.zip",
            "function_name": "cartwatch-handler",
            "handler": "handler.lambda_handler",
            "id": "cartwatch-handler",
            "image_config": [],
            "image_uri": "",
            "invoke_arn": "arn:aws:apigateway:eu-north-1:lambda:path/2015-03-31/functions/arn:aws:lambda:eu-north-1:732778637529:function:cartwatch-handler/invocations",
            "kms_key_arn": "",
            "last_modified": "2026-05-15T05:47:57.397+0000",
            "layers": null,
            "logging_config": [
              {
                "application_log_level": "",
                "log_format": "Text",
                "log_group": "/aws/lambda/cartwatch-handler",
                "system_log_level": ""
              }
            ],
            "memory_size": 128,
            "package_type": "Zip",
            "publish": false,
            "publish_to": null,
            "qualified_arn": "arn:aws:lambda:eu-north-1:732778637529:function:cartwatch-handler:$LATEST",
            "qualified_invoke_arn": "arn:aws:apigateway:eu-north-1:lambda:path/2015-03-31/functions/arn:aws:lambda:eu-north-1:732778637529:function:cartwatch-handler:$LATEST/invocations",
            "region": "eu-north-1",
            "replace_security_groups_on_destroy": null,
            "replacement_security_group_ids": null,
            "reserved_concurrent_executions": -1,
            "response_streaming_invoke_arn": "arn:aws:apigateway:eu-north-1:lambda:path/2021-11-15/functions/arn:aws:lambda:eu-north-1:732778637529:function:cartwatch-handler/response-streaming-invocations",
            "role": "arn:aws:iam::732778637529:role/cartwatch-lambda-role",
            "runtime": "python3.12",
            "s3_bucket": null,
            "s3_key": null,
            "s3_object_version": null,
            "signing_job_arn": "",
            "signing_profile_version_arn": "",
            "skip_destroy": false,
            "snap_start": [],
            "source_code_hash": "Gs63OyomV/2T9DSpMkMOsWZXgZ+Na3pn7Ra+NSk/wK4=",
            "source_code_size": 973,
            "source_kms_key_arn": "",
            "tags": {
              "Project": "cartwatch"
            },
            "tags_all": {
              "Project": "cartwatch"
            },
            "tenancy_config": [],
            "timeout": 3,
            "timeouts": null,
            "tracing_config": [
              {
                "mode": "PassThrough"
              }
            ],
            "version": "$LATEST",
            "vpc_config": []
          },
          "sensitive_attributes": [],
          "identity_schema_version": 0,
          "identity": {
            "account_id": "732778637529",
            "function_name": "cartwatch-handler",
            "region": "eu-north-1"
          },
          "private": "eyJlMmJmYjczMC1lY2FhLTExZTYtOGY4OC0zNDM2M2JjN2M0YzAiOnsiY3JlYXRlIjo2MDAwMDAwMDAwMDAsImRlbGV0ZSI6NjAwMDAwMDAwMDAwLCJ1cGRhdGUiOjYwMDAwMDAwMDAwMH19",
          "dependencies": [
            "aws_iam_role.lambda_role"
          ]
        }
      ]
    },
    {
      "mode": "managed",
      "type": "aws_s3_bucket",
      "name": "cartwatch",
      "provider": "provider[\"registry.terraform.io/hashicorp/aws\"]",
      "instances": [
        {
          "schema_version": 0,
          "attributes": {
            "acceleration_status": "",
            "acl": null,
            "arn": "arn:aws:s3:::cartwatch-events-732778637529",
            "bucket": "cartwatch-events-732778637529",
            "bucket_domain_name": "cartwatch-events-732778637529.s3.amazonaws.com",
            "bucket_namespace": "global",
            "bucket_prefix": "",
            "bucket_region": "eu-north-1",
            "bucket_regional_domain_name": "cartwatch-events-732778637529.s3.eu-north-1.amazonaws.com",
            "cors_rule": [],
            "force_destroy": false,
            "grant": [
              {
                "id": "ef405192e36bdc76dfa58c6a367abbe90c1272de4b12db6f229dff6c8205cadf",
                "permissions": [
                  "FULL_CONTROL"
                ],
                "type": "CanonicalUser",
                "uri": ""
              }
            ],
            "hosted_zone_id": "Z3BAZG2TWCNX0D",
            "id": "cartwatch-events-732778637529",
            "lifecycle_rule": [],
            "logging": [],
            "object_lock_configuration": [],
            "object_lock_enabled": false,
            "policy": "",
            "region": "eu-north-1",
            "replication_configuration": [],
            "request_payer": "BucketOwner",
            "server_side_encryption_configuration": [
              {
                "rule": [
                  {
                    "apply_server_side_encryption_by_default": [
                      {
                        "kms_master_key_id": "",
                        "sse_algorithm": "AES256"
                      }
                    ],
                    "bucket_key_enabled": false
                  }
                ]
              }
            ],
            "tags": {
              "Project": "cartwatch"
            },
            "tags_all": {
              "Project": "cartwatch"
            },
            "timeouts": null,
            "versioning": [
              {
                "enabled": false,
                "mfa_delete": false
              }
            ],
            "website": [],
            "website_domain": null,
            "website_endpoint": null
          },
          "sensitive_attributes": [],
          "identity_schema_version": 0,
          "identity": {
            "account_id": "732778637529",
            "bucket": "cartwatch-events-732778637529",
            "region": "eu-north-1"
          },
          "private": "eyJlMmJmYjczMC1lY2FhLTExZTYtOGY4OC0zNDM2M2JjN2M0YzAiOnsiY3JlYXRlIjoxMjAwMDAwMDAwMDAwLCJkZWxldGUiOjM2MDAwMDAwMDAwMDAsInJlYWQiOjEyMDAwMDAwMDAwMDAsInVwZGF0ZSI6MTIwMDAwMDAwMDAwMH0sInNjaGVtYV92ZXJzaW9uIjoiMCJ9"
        }
      ]
    },
    {
      "mode": "managed",
      "type": "aws_sns_topic",
      "name": "abandonment_alerts",
      "provider": "provider[\"registry.terraform.io/hashicorp/aws\"]",
      "instances": [
        {
          "schema_version": 0,
          "attributes": {
            "application_failure_feedback_role_arn": "",
            "application_success_feedback_role_arn": "",
            "application_success_feedback_sample_rate": 0,
            "archive_policy": "",
            "arn": "arn:aws:sns:eu-north-1:732778637529:cartwatch-abandonment-alerts",
            "beginning_archive_time": "",
            "content_based_deduplication": false,
            "delivery_policy": "",
            "display_name": "",
            "fifo_throughput_scope": "",
            "fifo_topic": false,
            "firehose_failure_feedback_role_arn": "",
            "firehose_success_feedback_role_arn": "",
            "firehose_success_feedback_sample_rate": 0,
            "http_failure_feedback_role_arn": "",
            "http_success_feedback_role_arn": "",
            "http_success_feedback_sample_rate": 0,
            "id": "arn:aws:sns:eu-north-1:732778637529:cartwatch-abandonment-alerts",
            "kms_master_key_id": "",
            "lambda_failure_feedback_role_arn": "",
            "lambda_success_feedback_role_arn": "",
            "lambda_success_feedback_sample_rate": 0,
            "name": "cartwatch-abandonment-alerts",
            "name_prefix": "",
            "owner": "732778637529",
            "policy": "{\"Id\":\"__default_policy_ID\",\"Statement\":[{\"Action\":[\"SNS:GetTopicAttributes\",\"SNS:SetTopicAttributes\",\"SNS:AddPermission\",\"SNS:RemovePermission\",\"SNS:DeleteTopic\",\"SNS:Subscribe\",\"SNS:ListSubscriptionsByTopic\",\"SNS:Publish\"],\"Condition\":{\"StringEquals\":{\"AWS:SourceOwner\":\"732778637529\"}},\"Effect\":\"Allow\",\"Principal\":{\"AWS\":\"*\"},\"Resource\":\"arn:aws:sns:eu-north-1:732778637529:cartwatch-abandonment-alerts\",\"Sid\":\"__default_statement_ID\"}],\"Version\":\"2008-10-17\"}",
            "region": "eu-north-1",
            "signature_version": 0,
            "sqs_failure_feedback_role_arn": "",
            "sqs_success_feedback_role_arn": "",
            "sqs_success_feedback_sample_rate": 0,
            "tags": {},
            "tags_all": {},
            "tracing_config": ""
          },
          "sensitive_attributes": [],
          "identity_schema_version": 0,
          "identity": {
            "arn": "arn:aws:sns:eu-north-1:732778637529:cartwatch-abandonment-alerts"
          },
          "private": "bnVsbA=="
        }
      ]
    },
    {
      "mode": "managed",
      "type": "aws_sns_topic_subscription",
      "name": "email",
      "provider": "provider[\"registry.terraform.io/hashicorp/aws\"]",
      "instances": [
        {
          "schema_version": 0,
          "attributes": {
            "arn": "arn:aws:sns:eu-north-1:732778637529:cartwatch-abandonment-alerts:600bbfd7-eb4d-4578-a1a0-7de3ce385861",
            "confirmation_timeout_in_minutes": 1,
            "confirmation_was_authenticated": false,
            "delivery_policy": "",
            "endpoint": "0903charutiwari@gmail.com",
            "endpoint_auto_confirms": false,
            "filter_policy": "",
            "filter_policy_scope": "",
            "id": "arn:aws:sns:eu-north-1:732778637529:cartwatch-abandonment-alerts:600bbfd7-eb4d-4578-a1a0-7de3ce385861",
            "owner_id": "732778637529",
            "pending_confirmation": false,
            "protocol": "email",
            "raw_message_delivery": false,
            "redrive_policy": "",
            "region": "eu-north-1",
            "replay_policy": "",
            "subscription_role_arn": "",
            "topic_arn": "arn:aws:sns:eu-north-1:732778637529:cartwatch-abandonment-alerts"
          },
          "sensitive_attributes": [],
          "identity_schema_version": 0,
          "identity": {
            "arn": "arn:aws:sns:eu-north-1:732778637529:cartwatch-abandonment-alerts:600bbfd7-eb4d-4578-a1a0-7de3ce385861"
          },
          "private": "bnVsbA==",
          "dependencies": [
            "aws_sns_topic.abandonment_alerts"
          ]
        }
      ]
    }
  ],
  "check_results": null
}
